// !$*UTF8*$!
{
	archiveVersion = 1;
	classes = {
	};
	objectVersion = 50;
	objects = {

/* Begin PBXBuildFile section */
		485D9DBC72E7E4D5D8C096D7 /* Pods_Kontenedores.framework in Frameworks */ = {isa = PBXBuildFile; fileRef = 7D45518D80A6E36587FBB108 /* Pods_Kontenedores.framework */; };
		8401D82E21AC95930064AC01 /* CompraEntradaVC.swift in Sources */ = {isa = PBXBuildFile; fileRef = 8401D82D21AC95930064AC01 /* CompraEntradaVC.swift */; };
		8404E1DB21C552EF00BF1F77 /* AvenirLTStd-Heavy.otf in Resources */ = {isa = PBXBuildFile; fileRef = 841B038121B71E3C00B6AF90 /* AvenirLTStd-Heavy.otf */; };
		8404E1DD21C5696800BF1F77 /* ControlObrasVC.swift in Sources */ = {isa = PBXBuildFile; fileRef = 8404E1DC21C5696800BF1F77 /* ControlObrasVC.swift */; };
		8417BD9121A3080100F33866 /* AppDelegate.swift in Sources */ = {isa = PBXBuildFile; fileRef = 8417BD9021A3080100F33866 /* AppDelegate.swift */; };
		8417BD9821A3081400F33866 /* Assets.xcassets in Resources */ = {isa = PBXBuildFile; fileRef = 8417BD9721A3081400F33866 /* Assets.xcassets */; };
		8417BD9B21A3081400F33866 /* LaunchScreen.storyboard in Resources */ = {isa = PBXBuildFile; fileRef = 8417BD9921A3081400F33866 /* LaunchScreen.storyboard */; };
		8417BDD121A3184500F33866 /* MenuViewController.swift in Sources */ = {isa = PBXBuildFile; fileRef = 8417BDCF21A3184500F33866 /* MenuViewController.swift */; };
		8417BDD221A3184500F33866 /* BaseViewController.swift in Sources */ = {isa = PBXBuildFile; fileRef = 8417BDD021A3184500F33866 /* BaseViewController.swift */; };
		8417BDE721A319B000F33866 /* HistorialVC.swift in Sources */ = {isa = PBXBuildFile; fileRef = 8417BDE321A319B000F33866 /* HistorialVC.swift */; };
		8417BDE821A319B000F33866 /* SaldoVC.swift in Sources */ = {isa = PBXBuildFile; fileRef = 8417BDE421A319B000F33866 /* SaldoVC.swift */; };
		8417BDE921A319B000F33866 /* MisEntradasVC.swift in Sources */ = {isa = PBXBuildFile; fileRef = 8417BDE521A319B000F33866 /* MisEntradasVC.swift */; };
		8417BDEA21A319B000F33866 /* PerfilVC.swift in Sources */ = {isa = PBXBuildFile; fileRef = 8417BDE621A319B000F33866 /* PerfilVC.swift */; };
		8417BDEF21A319F000F33866 /* EntradaVC.swift in Sources */ = {isa = PBXBuildFile; fileRef = 8417BDEB21A319EF00F33866 /* EntradaVC.swift */; };
		8417BDF021A319F000F33866 /* FuncionesTBCell.swift in Sources */ = {isa = PBXBuildFile; fileRef = 8417BDEC21A319F000F33866 /* FuncionesTBCell.swift */; };
		8417BDF121A319F000F33866 /* DetalleObraVC.swift in Sources */ = {isa = PBXBuildFile; fileRef = 8417BDED21A319F000F33866 /* DetalleObraVC.swift */; };
		8417BDF221A319F000F33866 /* ObrasVC.swift in Sources */ = {isa = PBXBuildFile; fileRef = 8417BDEE21A319F000F33866 /* ObrasVC.swift */; };
		8417BDFF21A31A6700F33866 /* LoginVC.swift in Sources */ = {isa = PBXBuildFile; fileRef = 8417BDFB21A31A6600F33866 /* LoginVC.swift */; };
		8417BE0021A31A6700F33866 /* TarjetaVC.swift in Sources */ = {isa = PBXBuildFile; fileRef = 8417BDFC21A31A6600F33866 /* TarjetaVC.swift */; };
		8417BE0121A31A6700F33866 /* RegistroVC.swift in Sources */ = {isa = PBXBuildFile; fileRef = 8417BDFD21A31A6700F33866 /* RegistroVC.swift */; };
		8417BE0221A31A6700F33866 /* MesTBVC.swift in Sources */ = {isa = PBXBuildFile; fileRef = 8417BDFE21A31A6700F33866 /* MesTBVC.swift */; };
		8417BE0521A31A7C00F33866 /* Login.storyboard in Resources */ = {isa = PBXBuildFile; fileRef = 8417BE0321A31A7C00F33866 /* Login.storyboard */; };
		8417BE0621A31A7C00F33866 /* Obras.storyboard in Resources */ = {isa = PBXBuildFile; fileRef = 8417BE0421A31A7C00F33866 /* Obras.storyboard */; };
		8435A87321A765A000E19D0A /* Usuario.swift in Sources */ = {isa = PBXBuildFile; fileRef = 8435A87221A7659F00E19D0A /* Usuario.swift */; };
		8435A87521A765CB00E19D0A /* Obra.swift in Sources */ = {isa = PBXBuildFile; fileRef = 8435A87421A765CB00E19D0A /* Obra.swift */; };
		8435A87921A7668800E19D0A /* CategoriaProducto.swift in Sources */ = {isa = PBXBuildFile; fileRef = 8435A87821A7668800E19D0A /* CategoriaProducto.swift */; };
		84462A6021A467EA002D55C8 /* Proveedor.storyboard in Resources */ = {isa = PBXBuildFile; fileRef = 84462A5F21A467EA002D55C8 /* Proveedor.storyboard */; };
		845CCDB821BC53F40066AE27 /* Recarga.swift in Sources */ = {isa = PBXBuildFile; fileRef = 845CCDB721BC53F40066AE27 /* Recarga.swift */; };
		846DE64721BF4B3C003F1529 /* TicketVC.swift in Sources */ = {isa = PBXBuildFile; fileRef = 846DE64621BF4B3C003F1529 /* TicketVC.swift */; };
		8485EC0021BB14E7006CEC74 /* Entrada.swift in Sources */ = {isa = PBXBuildFile; fileRef = 8485EBFF21BB14E7006CEC74 /* Entrada.swift */; };
		8485EC0221BB3E61006CEC74 /* Producto.swift in Sources */ = {isa = PBXBuildFile; fileRef = 8485EC0121BB3E61006CEC74 /* Producto.swift */; };
		84AD17FF21CC5F1600726460 /* SplashKontenedoresVC.swift in Sources */ = {isa = PBXBuildFile; fileRef = 84AD17FE21CC5F1600726460 /* SplashKontenedoresVC.swift */; };
		84AD180321CC652F00726460 /* Splash.storyboard in Resources */ = {isa = PBXBuildFile; fileRef = 84AD180221CC652F00726460 /* Splash.storyboard */; };
		84B82AEC21CB33A40040AAC2 /* GoogleService-Info.plist in Resources */ = {isa = PBXBuildFile; fileRef = 84B82AEB21CB33A40040AAC2 /* GoogleService-Info.plist */; };
		84C6362A21ADF75500A6D714 /* PagarVC.swift in Sources */ = {isa = PBXBuildFile; fileRef = 84C6362921ADF75500A6D714 /* PagarVC.swift */; };
		84CB14CE21AF1B7800A7BF1E /* KontenedoreServices.swift in Sources */ = {isa = PBXBuildFile; fileRef = 84CB14CD21AF1B7800A7BF1E /* KontenedoreServices.swift */; };
		84CB14DB21AF403500A7BF1E /* Reachability.swift in Sources */ = {isa = PBXBuildFile; fileRef = 84CB14DA21AF403500A7BF1E /* Reachability.swift */; };
		84CB14DE21AF40D400A7BF1E /* UserManager.swift in Sources */ = {isa = PBXBuildFile; fileRef = 84CB14DD21AF40D400A7BF1E /* UserManager.swift */; };
		84D2AAA621A88E6400228C4E /* HistorialPedidosVC.swift in Sources */ = {isa = PBXBuildFile; fileRef = 84D2AAA521A88E6400228C4E /* HistorialPedidosVC.swift */; };
		84D2AAA821A88E8700228C4E /* PerfilProveedorVC.swift in Sources */ = {isa = PBXBuildFile; fileRef = 84D2AAA721A88E8700228C4E /* PerfilProveedorVC.swift */; };
		84D5BADB21C84C2200236B34 /* Venta.swift in Sources */ = {isa = PBXBuildFile; fileRef = 84D5BADA21C84C2100236B34 /* Venta.swift */; };
		84D5BAE121C873F600236B34 /* QRScanVC.swift in Sources */ = {isa = PBXBuildFile; fileRef = 84D5BADC21C873F500236B34 /* QRScanVC.swift */; };
		84D5BAE221C873F600236B34 /* ProductoTBCell.swift in Sources */ = {isa = PBXBuildFile; fileRef = 84D5BADD21C873F500236B34 /* ProductoTBCell.swift */; };
		84D5BAE321C873F600236B34 /* PedidosVC.swift in Sources */ = {isa = PBXBuildFile; fileRef = 84D5BADE21C873F600236B34 /* PedidosVC.swift */; };
		84D5BAE421C873F600236B34 /* CategoriasVC.swift in Sources */ = {isa = PBXBuildFile; fileRef = 84D5BADF21C873F600236B34 /* CategoriasVC.swift */; };
		84D5BAE521C873F600236B34 /* ProductoVC.swift in Sources */ = {isa = PBXBuildFile; fileRef = 84D5BAE021C873F600236B34 /* ProductoVC.swift */; };
		84D7E09521C1E3C100F7A81E /* ListaPedidosVC.swift in Sources */ = {isa = PBXBuildFile; fileRef = 84D7E09421C1E3C100F7A81E /* ListaPedidosVC.swift */; };
		84EF974E21BF45440088AC05 /* EntradaScan.storyboard in Resources */ = {isa = PBXBuildFile; fileRef = 84EF974D21BF45440088AC05 /* EntradaScan.storyboard */; };
		84EF975121BF46420088AC05 /* EntradaScanVC.swift in Sources */ = {isa = PBXBuildFile; fileRef = 84EF975021BF46420088AC05 /* EntradaScanVC.swift */; };
		84F7127421C00ABC000270ED /* ObraCVCell.swift in Sources */ = {isa = PBXBuildFile; fileRef = 84F7127321C00ABC000270ED /* ObraCVCell.swift */; };
/* End PBXBuildFile section */

/* Begin PBXFileReference section */
		54B9588AD9C2E3DA8D18B07A /* Pods-Kontenedores.release.xcconfig */ = {isa = PBXFileReference; includeInIndex = 1; lastKnownFileType = text.xcconfig; name = "Pods-Kontenedores.release.xcconfig"; path = "Pods/Target Support Files/Pods-Kontenedores/Pods-Kontenedores.release.xcconfig"; sourceTree = "<group>"; };
		7D45518D80A6E36587FBB108 /* Pods_Kontenedores.framework */ = {isa = PBXFileReference; explicitFileType = wrapper.framework; includeInIndex = 0; path = Pods_Kontenedores.framework; sourceTree = BUILT_PRODUCTS_DIR; };
		8401D82D21AC95930064AC01 /* CompraEntradaVC.swift */ = {isa = PBXFileReference; lastKnownFileType = sourcecode.swift; path = CompraEntradaVC.swift; sourceTree = "<group>"; };
		8404E1DC21C5696800BF1F77 /* ControlObrasVC.swift */ = {isa = PBXFileReference; lastKnownFileType = sourcecode.swift; path = ControlObrasVC.swift; sourceTree = "<group>"; };
		8417BD8D21A3080100F33866 /* Kontenedores.app */ = {isa = PBXFileReference; explicitFileType = wrapper.application; includeInIndex = 0; path = Kontenedores.app; sourceTree = BUILT_PRODUCTS_DIR; };
		8417BD9021A3080100F33866 /* AppDelegate.swift */ = {isa = PBXFileReference; lastKnownFileType = sourcecode.swift; path = AppDelegate.swift; sourceTree = "<group>"; };
		8417BD9721A3081400F33866 /* Assets.xcassets */ = {isa = PBXFileReference; lastKnownFileType = folder.assetcatalog; path = Assets.xcassets; sourceTree = "<group>"; };
		8417BD9A21A3081400F33866 /* Base */ = {isa = PBXFileReference; lastKnownFileType = file.storyboard; name = Base; path = Base.lproj/LaunchScreen.storyboard; sourceTree = "<group>"; };
		8417BD9C21A3081400F33866 /* Info.plist */ = {isa = PBXFileReference; lastKnownFileType = text.plist.xml; path = Info.plist; sourceTree = "<group>"; };
		8417BDCF21A3184500F33866 /* MenuViewController.swift */ = {isa = PBXFileReference; fileEncoding = 4; lastKnownFileType = sourcecode.swift; path = MenuViewController.swift; sourceTree = "<group>"; };
		8417BDD021A3184500F33866 /* BaseViewController.swift */ = {isa = PBXFileReference; fileEncoding = 4; lastKnownFileType = sourcecode.swift; path = BaseViewController.swift; sourceTree = "<group>"; };
		8417BDE321A319B000F33866 /* HistorialVC.swift */ = {isa = PBXFileReference; fileEncoding = 4; lastKnownFileType = sourcecode.swift; path = HistorialVC.swift; sourceTree = "<group>"; };
		8417BDE421A319B000F33866 /* SaldoVC.swift */ = {isa = PBXFileReference; fileEncoding = 4; lastKnownFileType = sourcecode.swift; path = SaldoVC.swift; sourceTree = "<group>"; };
		8417BDE521A319B000F33866 /* MisEntradasVC.swift */ = {isa = PBXFileReference; fileEncoding = 4; lastKnownFileType = sourcecode.swift; path = MisEntradasVC.swift; sourceTree = "<group>"; };
		8417BDE621A319B000F33866 /* PerfilVC.swift */ = {isa = PBXFileReference; fileEncoding = 4; lastKnownFileType = sourcecode.swift; path = PerfilVC.swift; sourceTree = "<group>"; };
		8417BDEB21A319EF00F33866 /* EntradaVC.swift */ = {isa = PBXFileReference; fileEncoding = 4; lastKnownFileType = sourcecode.swift; path = EntradaVC.swift; sourceTree = "<group>"; };
		8417BDEC21A319F000F33866 /* FuncionesTBCell.swift */ = {isa = PBXFileReference; fileEncoding = 4; lastKnownFileType = sourcecode.swift; path = FuncionesTBCell.swift; sourceTree = "<group>"; };
		8417BDED21A319F000F33866 /* DetalleObraVC.swift */ = {isa = PBXFileReference; fileEncoding = 4; lastKnownFileType = sourcecode.swift; path = DetalleObraVC.swift; sourceTree = "<group>"; };
		8417BDEE21A319F000F33866 /* ObrasVC.swift */ = {isa = PBXFileReference; fileEncoding = 4; lastKnownFileType = sourcecode.swift; path = ObrasVC.swift; sourceTree = "<group>"; };
		8417BDFB21A31A6600F33866 /* LoginVC.swift */ = {isa = PBXFileReference; fileEncoding = 4; lastKnownFileType = sourcecode.swift; path = LoginVC.swift; sourceTree = "<group>"; };
		8417BDFC21A31A6600F33866 /* TarjetaVC.swift */ = {isa = PBXFileReference; fileEncoding = 4; lastKnownFileType = sourcecode.swift; path = TarjetaVC.swift; sourceTree = "<group>"; };
		8417BDFD21A31A6700F33866 /* RegistroVC.swift */ = {isa = PBXFileReference; fileEncoding = 4; lastKnownFileType = sourcecode.swift; path = RegistroVC.swift; sourceTree = "<group>"; };
		8417BDFE21A31A6700F33866 /* MesTBVC.swift */ = {isa = PBXFileReference; fileEncoding = 4; lastKnownFileType = sourcecode.swift; path = MesTBVC.swift; sourceTree = "<group>"; };
		8417BE0321A31A7C00F33866 /* Login.storyboard */ = {isa = PBXFileReference; fileEncoding = 4; lastKnownFileType = file.storyboard; path = Login.storyboard; sourceTree = "<group>"; };
		8417BE0421A31A7C00F33866 /* Obras.storyboard */ = {isa = PBXFileReference; fileEncoding = 4; lastKnownFileType = file.storyboard; path = Obras.storyboard; sourceTree = "<group>"; };
		841B036221B71DFF00B6AF90 /* TodaySHOP-LightItalic.otf */ = {isa = PBXFileReference; lastKnownFileType = file; path = "TodaySHOP-LightItalic.otf"; sourceTree = "<group>"; };
		841B036321B71E0100B6AF90 /* TodaySHOP-Italic.otf */ = {isa = PBXFileReference; lastKnownFileType = file; path = "TodaySHOP-Italic.otf"; sourceTree = "<group>"; };
		841B036421B71E0300B6AF90 /* TodaySHOP-XLight.otf */ = {isa = PBXFileReference; lastKnownFileType = file; path = "TodaySHOP-XLight.otf"; sourceTree = "<group>"; };
		841B036521B71E0400B6AF90 /* TodaySHOP-BoldItalic.otf */ = {isa = PBXFileReference; lastKnownFileType = file; path = "TodaySHOP-BoldItalic.otf"; sourceTree = "<group>"; };
		841B036621B71E0400B6AF90 /* TodaySHOP-XLightItalic.otf */ = {isa = PBXFileReference; lastKnownFileType = file; path = "TodaySHOP-XLightItalic.otf"; sourceTree = "<group>"; };
		841B036721B71E0500B6AF90 /* TodaySHOP-Regular.otf */ = {isa = PBXFileReference; lastKnownFileType = file; path = "TodaySHOP-Regular.otf"; sourceTree = "<group>"; };
		841B036821B71E0800B6AF90 /* TodaySHOP-Bold.otf */ = {isa = PBXFileReference; lastKnownFileType = file; path = "TodaySHOP-Bold.otf"; sourceTree = "<group>"; };
		841B036921B71E0800B6AF90 /* TodaySHOP-UltraItalic.otf */ = {isa = PBXFileReference; lastKnownFileType = file; path = "TodaySHOP-UltraItalic.otf"; sourceTree = "<group>"; };
		841B036A21B71E0900B6AF90 /* TodaySHOP-Light.otf */ = {isa = PBXFileReference; lastKnownFileType = file; path = "TodaySHOP-Light.otf"; sourceTree = "<group>"; };
		841B036B21B71E0900B6AF90 /* TodaySHOP-Medium.otf */ = {isa = PBXFileReference; lastKnownFileType = file; path = "TodaySHOP-Medium.otf"; sourceTree = "<group>"; };
		841B036C21B71E0A00B6AF90 /* TodaySHOP-Ultra.otf */ = {isa = PBXFileReference; lastKnownFileType = file; path = "TodaySHOP-Ultra.otf"; sourceTree = "<group>"; };
		841B036D21B71E0A00B6AF90 /* TodaySHOP-MediumItalic.otf */ = {isa = PBXFileReference; lastKnownFileType = file; path = "TodaySHOP-MediumItalic.otf"; sourceTree = "<group>"; };
		841B036F21B71E3500B6AF90 /* AvenirNextLTPro-DemiCnIt.otf */ = {isa = PBXFileReference; lastKnownFileType = file; path = "AvenirNextLTPro-DemiCnIt.otf"; sourceTree = "<group>"; };
		841B037021B71E3500B6AF90 /* AvenirNextLTPro-CnIt.otf */ = {isa = PBXFileReference; lastKnownFileType = file; path = "AvenirNextLTPro-CnIt.otf"; sourceTree = "<group>"; };
		841B037121B71E3500B6AF90 /* AvenirLTStd-Light.otf */ = {isa = PBXFileReference; lastKnownFileType = file; path = "AvenirLTStd-Light.otf"; sourceTree = "<group>"; };
		841B037221B71E3600B6AF90 /* AvenirNextLTPro-BoldCn.otf */ = {isa = PBXFileReference; lastKnownFileType = file; path = "AvenirNextLTPro-BoldCn.otf"; sourceTree = "<group>"; };
		841B037321B71E3600B6AF90 /* AvenirNextLTPro-Regular.otf */ = {isa = PBXFileReference; lastKnownFileType = file; path = "AvenirNextLTPro-Regular.otf"; sourceTree = "<group>"; };
		841B037421B71E3700B6AF90 /* AvenirNextLTPro-DemiIt.otf */ = {isa = PBXFileReference; lastKnownFileType = file; path = "AvenirNextLTPro-DemiIt.otf"; sourceTree = "<group>"; };
		841B037521B71E3700B6AF90 /* AvenirNextLTPro-MediumCnIt.otf */ = {isa = PBXFileReference; lastKnownFileType = file; path = "AvenirNextLTPro-MediumCnIt.otf"; sourceTree = "<group>"; };
		841B037621B71E3700B6AF90 /* AvenirLTStd-Roman.otf */ = {isa = PBXFileReference; lastKnownFileType = file; path = "AvenirLTStd-Roman.otf"; sourceTree = "<group>"; };
		841B037721B71E3800B6AF90 /* AvenirNextLTPro-MediumCn.otf */ = {isa = PBXFileReference; lastKnownFileType = file; path = "AvenirNextLTPro-MediumCn.otf"; sourceTree = "<group>"; };
		841B037821B71E3800B6AF90 /* AvenirNextLTPro-Cn.otf */ = {isa = PBXFileReference; lastKnownFileType = file; path = "AvenirNextLTPro-Cn.otf"; sourceTree = "<group>"; };
		841B037921B71E3900B6AF90 /* AvenirLTStd-LightOblique.otf */ = {isa = PBXFileReference; lastKnownFileType = file; path = "AvenirLTStd-LightOblique.otf"; sourceTree = "<group>"; };
		841B037A21B71E3900B6AF90 /* AvenirNextLTPro-UltLtCn.otf */ = {isa = PBXFileReference; lastKnownFileType = file; path = "AvenirNextLTPro-UltLtCn.otf"; sourceTree = "<group>"; };
		841B037B21B71E3900B6AF90 /* AvenirLTStd-BlackOblique.otf */ = {isa = PBXFileReference; lastKnownFileType = file; path = "AvenirLTStd-BlackOblique.otf"; sourceTree = "<group>"; };
		841B037C21B71E3A00B6AF90 /* AvenirNextLTPro-Demi.otf */ = {isa = PBXFileReference; lastKnownFileType = file; path = "AvenirNextLTPro-Demi.otf"; sourceTree = "<group>"; };
		841B037D21B71E3A00B6AF90 /* AvenirNextLTPro-UltLtCnIt.otf */ = {isa = PBXFileReference; lastKnownFileType = file; path = "AvenirNextLTPro-UltLtCnIt.otf"; sourceTree = "<group>"; };
		841B037E21B71E3B00B6AF90 /* AvenirNextLTPro-HeavyCn.otf */ = {isa = PBXFileReference; lastKnownFileType = file; path = "AvenirNextLTPro-HeavyCn.otf"; sourceTree = "<group>"; };
		841B037F21B71E3B00B6AF90 /* AvenirNextLTPro-It.otf */ = {isa = PBXFileReference; lastKnownFileType = file; path = "AvenirNextLTPro-It.otf"; sourceTree = "<group>"; };
		841B038021B71E3B00B6AF90 /* AvenirLTStd-MediumOblique.otf */ = {isa = PBXFileReference; lastKnownFileType = file; path = "AvenirLTStd-MediumOblique.otf"; sourceTree = "<group>"; };
		841B038121B71E3C00B6AF90 /* AvenirLTStd-Heavy.otf */ = {isa = PBXFileReference; lastKnownFileType = file; path = "AvenirLTStd-Heavy.otf"; sourceTree = "<group>"; };
		841B038221B71E3C00B6AF90 /* AvenirLTStd-BookOblique.otf */ = {isa = PBXFileReference; lastKnownFileType = file; path = "AvenirLTStd-BookOblique.otf"; sourceTree = "<group>"; };
		841B038321B71E3C00B6AF90 /* AvenirLTStd-Black.otf */ = {isa = PBXFileReference; lastKnownFileType = file; path = "AvenirLTStd-Black.otf"; sourceTree = "<group>"; };
		841B038421B71E3D00B6AF90 /* AvenirNextLTPro-Bold.otf */ = {isa = PBXFileReference; lastKnownFileType = file; path = "AvenirNextLTPro-Bold.otf"; sourceTree = "<group>"; };
		841B038521B71E3D00B6AF90 /* AvenirLTStd-Medium.otf */ = {isa = PBXFileReference; lastKnownFileType = file; path = "AvenirLTStd-Medium.otf"; sourceTree = "<group>"; };
		841B038621B71E3E00B6AF90 /* AvenirLTStd-Oblique.otf */ = {isa = PBXFileReference; lastKnownFileType = file; path = "AvenirLTStd-Oblique.otf"; sourceTree = "<group>"; };
		841B038721B71E3F00B6AF90 /* AvenirNextLTPro-BoldCnIt.otf */ = {isa = PBXFileReference; lastKnownFileType = file; path = "AvenirNextLTPro-BoldCnIt.otf"; sourceTree = "<group>"; };
		841B038821B71E3F00B6AF90 /* AvenirLTStd-HeavyOblique.otf */ = {isa = PBXFileReference; lastKnownFileType = file; path = "AvenirLTStd-HeavyOblique.otf"; sourceTree = "<group>"; };
		841B038921B71E3F00B6AF90 /* AvenirNextLTPro-HeavyCnIt.otf */ = {isa = PBXFileReference; lastKnownFileType = file; path = "AvenirNextLTPro-HeavyCnIt.otf"; sourceTree = "<group>"; };
		841B038A21B71E4000B6AF90 /* AvenirLTStd-Book.otf */ = {isa = PBXFileReference; lastKnownFileType = file; path = "AvenirLTStd-Book.otf"; sourceTree = "<group>"; };
		841B038B21B71E4000B6AF90 /* AvenirNextLTPro-DemiCn.otf */ = {isa = PBXFileReference; lastKnownFileType = file; path = "AvenirNextLTPro-DemiCn.otf"; sourceTree = "<group>"; };
		8435A87221A7659F00E19D0A /* Usuario.swift */ = {isa = PBXFileReference; lastKnownFileType = sourcecode.swift; path = Usuario.swift; sourceTree = "<group>"; };
		8435A87421A765CB00E19D0A /* Obra.swift */ = {isa = PBXFileReference; lastKnownFileType = sourcecode.swift; path = Obra.swift; sourceTree = "<group>"; };
		8435A87821A7668800E19D0A /* CategoriaProducto.swift */ = {isa = PBXFileReference; lastKnownFileType = sourcecode.swift; path = CategoriaProducto.swift; sourceTree = "<group>"; };
		84462A5F21A467EA002D55C8 /* Proveedor.storyboard */ = {isa = PBXFileReference; lastKnownFileType = file.storyboard; path = Proveedor.storyboard; sourceTree = "<group>"; };
		845CCDB721BC53F40066AE27 /* Recarga.swift */ = {isa = PBXFileReference; lastKnownFileType = sourcecode.swift; path = Recarga.swift; sourceTree = "<group>"; };
		846DE64621BF4B3C003F1529 /* TicketVC.swift */ = {isa = PBXFileReference; lastKnownFileType = sourcecode.swift; path = TicketVC.swift; sourceTree = "<group>"; };
		8485EBFF21BB14E7006CEC74 /* Entrada.swift */ = {isa = PBXFileReference; lastKnownFileType = sourcecode.swift; path = Entrada.swift; sourceTree = "<group>"; };
		8485EC0121BB3E61006CEC74 /* Producto.swift */ = {isa = PBXFileReference; lastKnownFileType = sourcecode.swift; path = Producto.swift; sourceTree = "<group>"; };
		84AD17FE21CC5F1600726460 /* SplashKontenedoresVC.swift */ = {isa = PBXFileReference; lastKnownFileType = sourcecode.swift; path = SplashKontenedoresVC.swift; sourceTree = "<group>"; };
		84AD180221CC652F00726460 /* Splash.storyboard */ = {isa = PBXFileReference; lastKnownFileType = file.storyboard; path = Splash.storyboard; sourceTree = "<group>"; };
		84B82AEB21CB33A40040AAC2 /* GoogleService-Info.plist */ = {isa = PBXFileReference; fileEncoding = 4; lastKnownFileType = text.plist.xml; path = "GoogleService-Info.plist"; sourceTree = "<group>"; };
		84C6362921ADF75500A6D714 /* PagarVC.swift */ = {isa = PBXFileReference; lastKnownFileType = sourcecode.swift; path = PagarVC.swift; sourceTree = "<group>"; };
		84CB14CD21AF1B7800A7BF1E /* KontenedoreServices.swift */ = {isa = PBXFileReference; lastKnownFileType = sourcecode.swift; path = KontenedoreServices.swift; sourceTree = "<group>"; };
		84CB14CF21AF2E5F00A7BF1E /* Alamofire.framework */ = {isa = PBXFileReference; explicitFileType = wrapper.framework; path = Alamofire.framework; sourceTree = BUILT_PRODUCTS_DIR; };
		84CB14DA21AF403500A7BF1E /* Reachability.swift */ = {isa = PBXFileReference; fileEncoding = 4; lastKnownFileType = sourcecode.swift; path = Reachability.swift; sourceTree = "<group>"; };
		84CB14DD21AF40D400A7BF1E /* UserManager.swift */ = {isa = PBXFileReference; fileEncoding = 4; lastKnownFileType = sourcecode.swift; path = UserManager.swift; sourceTree = "<group>"; };
		84D2AAA521A88E6400228C4E /* HistorialPedidosVC.swift */ = {isa = PBXFileReference; lastKnownFileType = sourcecode.swift; path = HistorialPedidosVC.swift; sourceTree = "<group>"; };
		84D2AAA721A88E8700228C4E /* PerfilProveedorVC.swift */ = {isa = PBXFileReference; lastKnownFileType = sourcecode.swift; path = PerfilProveedorVC.swift; sourceTree = "<group>"; };
		84D5BADA21C84C2100236B34 /* Venta.swift */ = {isa = PBXFileReference; lastKnownFileType = sourcecode.swift; path = Venta.swift; sourceTree = "<group>"; };
		84D5BADC21C873F500236B34 /* QRScanVC.swift */ = {isa = PBXFileReference; fileEncoding = 4; lastKnownFileType = sourcecode.swift; path = QRScanVC.swift; sourceTree = "<group>"; };
		84D5BADD21C873F500236B34 /* ProductoTBCell.swift */ = {isa = PBXFileReference; fileEncoding = 4; lastKnownFileType = sourcecode.swift; path = ProductoTBCell.swift; sourceTree = "<group>"; };
		84D5BADE21C873F600236B34 /* PedidosVC.swift */ = {isa = PBXFileReference; fileEncoding = 4; lastKnownFileType = sourcecode.swift; path = PedidosVC.swift; sourceTree = "<group>"; };
		84D5BADF21C873F600236B34 /* CategoriasVC.swift */ = {isa = PBXFileReference; fileEncoding = 4; lastKnownFileType = sourcecode.swift; path = CategoriasVC.swift; sourceTree = "<group>"; };
		84D5BAE021C873F600236B34 /* ProductoVC.swift */ = {isa = PBXFileReference; fileEncoding = 4; lastKnownFileType = sourcecode.swift; path = ProductoVC.swift; sourceTree = "<group>"; };
		84D7E09421C1E3C100F7A81E /* ListaPedidosVC.swift */ = {isa = PBXFileReference; lastKnownFileType = sourcecode.swift; path = ListaPedidosVC.swift; sourceTree = "<group>"; };
		84EF974B21BF21280088AC05 /* Kontenedores.entitlements */ = {isa = PBXFileReference; lastKnownFileType = text.plist.entitlements; path = Kontenedores.entitlements; sourceTree = "<group>"; };
		84EF974D21BF45440088AC05 /* EntradaScan.storyboard */ = {isa = PBXFileReference; lastKnownFileType = file.storyboard; path = EntradaScan.storyboard; sourceTree = "<group>"; };
		84EF975021BF46420088AC05 /* EntradaScanVC.swift */ = {isa = PBXFileReference; lastKnownFileType = sourcecode.swift; path = EntradaScanVC.swift; sourceTree = "<group>"; };
		84F7127321C00ABC000270ED /* ObraCVCell.swift */ = {isa = PBXFileReference; lastKnownFileType = sourcecode.swift; path = ObraCVCell.swift; sourceTree = "<group>"; };
		F8FDE7424626C26E18E01523 /* Pods-Kontenedores.debug.xcconfig */ = {isa = PBXFileReference; includeInIndex = 1; lastKnownFileType = text.xcconfig; name = "Pods-Kontenedores.debug.xcconfig"; path = "Pods/Target Support Files/Pods-Kontenedores/Pods-Kontenedores.debug.xcconfig"; sourceTree = "<group>"; };
/* End PBXFileReference section */

/* Begin PBXFrameworksBuildPhase section */
		8417BD8A21A3080000F33866 /* Frameworks */ = {
			isa = PBXFrameworksBuildPhase;
			buildActionMask = 2147483647;
			files = (
				485D9DBC72E7E4D5D8C096D7 /* Pods_Kontenedores.framework in Frameworks */,
			);
			runOnlyForDeploymentPostprocessing = 0;
		};
/* End PBXFrameworksBuildPhase section */

/* Begin PBXGroup section */
		228F08B4232A45A9F8205E82 /* Frameworks */ = {
			isa = PBXGroup;
			children = (
				84CB14CF21AF2E5F00A7BF1E /* Alamofire.framework */,
				7D45518D80A6E36587FBB108 /* Pods_Kontenedores.framework */,
			);
			name = Frameworks;
			sourceTree = "<group>";
		};
		5F919F7696736C1321203548 /* Pods */ = {
			isa = PBXGroup;
			children = (
				F8FDE7424626C26E18E01523 /* Pods-Kontenedores.debug.xcconfig */,
				54B9588AD9C2E3DA8D18B07A /* Pods-Kontenedores.release.xcconfig */,
			);
			name = Pods;
			sourceTree = "<group>";
		};
		8417BD8421A3080000F33866 = {
			isa = PBXGroup;
			children = (
				8417BD8F21A3080100F33866 /* Kontenedores */,
				8417BD8E21A3080100F33866 /* Products */,
				5F919F7696736C1321203548 /* Pods */,
				228F08B4232A45A9F8205E82 /* Frameworks */,
			);
			sourceTree = "<group>";
		};
		8417BD8E21A3080100F33866 /* Products */ = {
			isa = PBXGroup;
			children = (
				8417BD8D21A3080100F33866 /* Kontenedores.app */,
			);
			name = Products;
			sourceTree = "<group>";
		};
		8417BD8F21A3080100F33866 /* Kontenedores */ = {
			isa = PBXGroup;
			children = (
				84EF974B21BF21280088AC05 /* Kontenedores.entitlements */,
				8417BD9021A3080100F33866 /* AppDelegate.swift */,
				8417BDA221A30DB800F33866 /* MVC */,
				8417BDA621A3100C00F33866 /* Extras */,
				8417BD9721A3081400F33866 /* Assets.xcassets */,
				8417BD9C21A3081400F33866 /* Info.plist */,
				8417BD9921A3081400F33866 /* LaunchScreen.storyboard */,
				84B82AEB21CB33A40040AAC2 /* GoogleService-Info.plist */,
			);
			path = Kontenedores;
			sourceTree = "<group>";
		};
		8417BDA221A30DB800F33866 /* MVC */ = {
			isa = PBXGroup;
			children = (
				84462A6E21A4827C002D55C8 /* Modelos */,
				8417BDA321A30DC200F33866 /* Vistas */,
				8417BDAB21A311C900F33866 /* Controladores */,
			);
			path = MVC;
			sourceTree = "<group>";
		};
		8417BDA321A30DC200F33866 /* Vistas */ = {
			isa = PBXGroup;
			children = (
				84AD180121CC64CB00726460 /* Splash */,
				84EF974C21BF44C30088AC05 /* ObraScan */,
				8417BDA421A30DC700F33866 /* Usuario */,
				8417BDA521A30DCF00F33866 /* Proveedor */,
			);
			path = Vistas;
			sourceTree = "<group>";
		};
		8417BDA421A30DC700F33866 /* Usuario */ = {
			isa = PBXGroup;
			children = (
				8417BE0321A31A7C00F33866 /* Login.storyboard */,
				8417BE0421A31A7C00F33866 /* Obras.storyboard */,
			);
			path = Usuario;
			sourceTree = "<group>";
		};
		8417BDA521A30DCF00F33866 /* Proveedor */ = {
			isa = PBXGroup;
			children = (
				84462A5F21A467EA002D55C8 /* Proveedor.storyboard */,
			);
			path = Proveedor;
			sourceTree = "<group>";
		};
		8417BDA621A3100C00F33866 /* Extras */ = {
			isa = PBXGroup;
			children = (
				841B036021B71DDA00B6AF90 /* Fonts */,
				84CB14DC21AF404400A7BF1E /* UserManager */,
				84CB14D121AF3F6500A7BF1E /* Reachability */,
				84CB14CC21AF1B1700A7BF1E /* ServiciosWeb */,
				84AAD26A21A5B20100B1B14E /* MenuSlide */,
			);
			path = Extras;
			sourceTree = "<group>";
		};
		8417BDAB21A311C900F33866 /* Controladores */ = {
			isa = PBXGroup;
			children = (
				84AD17FD21CC5ED700726460 /* Splash */,
				84EF974F21BF46020088AC05 /* ObraScan */,
				8417BDAC21A3124F00F33866 /* Usuario */,
				84462A6121A47FB1002D55C8 /* Proveedor */,
			);
			path = Controladores;
			sourceTree = "<group>";
		};
		8417BDAC21A3124F00F33866 /* Usuario */ = {
			isa = PBXGroup;
			children = (
				8417BDAD21A3129900F33866 /* Login */,
				8417BDB621A3138B00F33866 /* Obras */,
				8417BDBF21A313E300F33866 /* MenUsuario */,
			);
			path = Usuario;
			sourceTree = "<group>";
		};
		8417BDAD21A3129900F33866 /* Login */ = {
			isa = PBXGroup;
			children = (
				8417BDFB21A31A6600F33866 /* LoginVC.swift */,
				8417BDFD21A31A6700F33866 /* RegistroVC.swift */,
				8417BDFC21A31A6600F33866 /* TarjetaVC.swift */,
				8417BDFE21A31A6700F33866 /* MesTBVC.swift */,
			);
			path = Login;
			sourceTree = "<group>";
		};
		8417BDB621A3138B00F33866 /* Obras */ = {
			isa = PBXGroup;
			children = (
				8417BDEE21A319F000F33866 /* ObrasVC.swift */,
				8417BDED21A319F000F33866 /* DetalleObraVC.swift */,
				8417BDEB21A319EF00F33866 /* EntradaVC.swift */,
				8417BDEC21A319F000F33866 /* FuncionesTBCell.swift */,
				8401D82D21AC95930064AC01 /* CompraEntradaVC.swift */,
				84F7127321C00ABC000270ED /* ObraCVCell.swift */,
				84D7E09421C1E3C100F7A81E /* ListaPedidosVC.swift */,
			);
			path = Obras;
			sourceTree = "<group>";
		};
		8417BDBF21A313E300F33866 /* MenUsuario */ = {
			isa = PBXGroup;
			children = (
				8417BDE421A319B000F33866 /* SaldoVC.swift */,
				8417BDE521A319B000F33866 /* MisEntradasVC.swift */,
				8417BDE321A319B000F33866 /* HistorialVC.swift */,
				8417BDE621A319B000F33866 /* PerfilVC.swift */,
				84C6362921ADF75500A6D714 /* PagarVC.swift */,
			);
			path = MenUsuario;
			sourceTree = "<group>";
		};
		841B036021B71DDA00B6AF90 /* Fonts */ = {
			isa = PBXGroup;
			children = (
				841B036E21B71E1B00B6AF90 /* Avenir */,
				841B036121B71DEF00B6AF90 /* Today */,
			);
			path = Fonts;
			sourceTree = "<group>";
		};
		841B036121B71DEF00B6AF90 /* Today */ = {
			isa = PBXGroup;
			children = (
				841B036821B71E0800B6AF90 /* TodaySHOP-Bold.otf */,
				841B036521B71E0400B6AF90 /* TodaySHOP-BoldItalic.otf */,
				841B036321B71E0100B6AF90 /* TodaySHOP-Italic.otf */,
				841B036A21B71E0900B6AF90 /* TodaySHOP-Light.otf */,
				841B036221B71DFF00B6AF90 /* TodaySHOP-LightItalic.otf */,
				841B036B21B71E0900B6AF90 /* TodaySHOP-Medium.otf */,
				841B036D21B71E0A00B6AF90 /* TodaySHOP-MediumItalic.otf */,
				841B036721B71E0500B6AF90 /* TodaySHOP-Regular.otf */,
				841B036C21B71E0A00B6AF90 /* TodaySHOP-Ultra.otf */,
				841B036921B71E0800B6AF90 /* TodaySHOP-UltraItalic.otf */,
				841B036421B71E0300B6AF90 /* TodaySHOP-XLight.otf */,
				841B036621B71E0400B6AF90 /* TodaySHOP-XLightItalic.otf */,
			);
			name = Today;
			path = "../New Group/New Group";
			sourceTree = "<group>";
		};
		841B036E21B71E1B00B6AF90 /* Avenir */ = {
			isa = PBXGroup;
			children = (
				841B038321B71E3C00B6AF90 /* AvenirLTStd-Black.otf */,
				841B037B21B71E3900B6AF90 /* AvenirLTStd-BlackOblique.otf */,
				841B038A21B71E4000B6AF90 /* AvenirLTStd-Book.otf */,
				841B038221B71E3C00B6AF90 /* AvenirLTStd-BookOblique.otf */,
				841B038121B71E3C00B6AF90 /* AvenirLTStd-Heavy.otf */,
				841B038821B71E3F00B6AF90 /* AvenirLTStd-HeavyOblique.otf */,
				841B037121B71E3500B6AF90 /* AvenirLTStd-Light.otf */,
				841B037921B71E3900B6AF90 /* AvenirLTStd-LightOblique.otf */,
				841B038521B71E3D00B6AF90 /* AvenirLTStd-Medium.otf */,
				841B038021B71E3B00B6AF90 /* AvenirLTStd-MediumOblique.otf */,
				841B038621B71E3E00B6AF90 /* AvenirLTStd-Oblique.otf */,
				841B037621B71E3700B6AF90 /* AvenirLTStd-Roman.otf */,
				841B038421B71E3D00B6AF90 /* AvenirNextLTPro-Bold.otf */,
				841B037221B71E3600B6AF90 /* AvenirNextLTPro-BoldCn.otf */,
				841B038721B71E3F00B6AF90 /* AvenirNextLTPro-BoldCnIt.otf */,
				841B037821B71E3800B6AF90 /* AvenirNextLTPro-Cn.otf */,
				841B037021B71E3500B6AF90 /* AvenirNextLTPro-CnIt.otf */,
				841B037C21B71E3A00B6AF90 /* AvenirNextLTPro-Demi.otf */,
				841B038B21B71E4000B6AF90 /* AvenirNextLTPro-DemiCn.otf */,
				841B036F21B71E3500B6AF90 /* AvenirNextLTPro-DemiCnIt.otf */,
				841B037421B71E3700B6AF90 /* AvenirNextLTPro-DemiIt.otf */,
				841B037E21B71E3B00B6AF90 /* AvenirNextLTPro-HeavyCn.otf */,
				841B038921B71E3F00B6AF90 /* AvenirNextLTPro-HeavyCnIt.otf */,
				841B037F21B71E3B00B6AF90 /* AvenirNextLTPro-It.otf */,
				841B037721B71E3800B6AF90 /* AvenirNextLTPro-MediumCn.otf */,
				841B037521B71E3700B6AF90 /* AvenirNextLTPro-MediumCnIt.otf */,
				841B037321B71E3600B6AF90 /* AvenirNextLTPro-Regular.otf */,
				841B037A21B71E3900B6AF90 /* AvenirNextLTPro-UltLtCn.otf */,
				841B037D21B71E3A00B6AF90 /* AvenirNextLTPro-UltLtCnIt.otf */,
			);
			path = Avenir;
			sourceTree = "<group>";
		};
		8435A87621A7663600E19D0A /* Usuario */ = {
			isa = PBXGroup;
			children = (
				8435A87221A7659F00E19D0A /* Usuario.swift */,
				8435A87421A765CB00E19D0A /* Obra.swift */,
				8485EBFF21BB14E7006CEC74 /* Entrada.swift */,
				8485EC0121BB3E61006CEC74 /* Producto.swift */,
				845CCDB721BC53F40066AE27 /* Recarga.swift */,
			);
			path = Usuario;
			sourceTree = "<group>";
		};
		8435A87721A7664900E19D0A /* Proveedor */ = {
			isa = PBXGroup;
			children = (
				8435A87821A7668800E19D0A /* CategoriaProducto.swift */,
				84D5BADA21C84C2100236B34 /* Venta.swift */,
			);
			path = Proveedor;
			sourceTree = "<group>";
		};
		84462A6121A47FB1002D55C8 /* Proveedor */ = {
			isa = PBXGroup;
			children = (
				84462A6221A47FEA002D55C8 /* Ventas */,
				84462A6D21A47FFE002D55C8 /* MenuProveedor */,
			);
			path = Proveedor;
			sourceTree = "<group>";
		};
		84462A6221A47FEA002D55C8 /* Ventas */ = {
			isa = PBXGroup;
			children = (
				84D5BADF21C873F600236B34 /* CategoriasVC.swift */,
				84D5BADE21C873F600236B34 /* PedidosVC.swift */,
				84D5BADD21C873F500236B34 /* ProductoTBCell.swift */,
				84D5BAE021C873F600236B34 /* ProductoVC.swift */,
				84D5BADC21C873F500236B34 /* QRScanVC.swift */,
			);
			path = Ventas;
			sourceTree = "<group>";
		};
		84462A6D21A47FFE002D55C8 /* MenuProveedor */ = {
			isa = PBXGroup;
			children = (
				84D2AAA521A88E6400228C4E /* HistorialPedidosVC.swift */,
				84D2AAA721A88E8700228C4E /* PerfilProveedorVC.swift */,
			);
			path = MenuProveedor;
			sourceTree = "<group>";
		};
		84462A6E21A4827C002D55C8 /* Modelos */ = {
			isa = PBXGroup;
			children = (
				8435A87621A7663600E19D0A /* Usuario */,
				8435A87721A7664900E19D0A /* Proveedor */,
			);
			path = Modelos;
			sourceTree = "<group>";
		};
		84AAD26A21A5B20100B1B14E /* MenuSlide */ = {
			isa = PBXGroup;
			children = (
				8417BDD021A3184500F33866 /* BaseViewController.swift */,
				8417BDCF21A3184500F33866 /* MenuViewController.swift */,
			);
			path = MenuSlide;
			sourceTree = "<group>";
		};
		84AD17FD21CC5ED700726460 /* Splash */ = {
			isa = PBXGroup;
			children = (
				84AD17FE21CC5F1600726460 /* SplashKontenedoresVC.swift */,
			);
			path = Splash;
			sourceTree = "<group>";
		};
		84AD180121CC64CB00726460 /* Splash */ = {
			isa = PBXGroup;
			children = (
				84AD180221CC652F00726460 /* Splash.storyboard */,
			);
			path = Splash;
			sourceTree = "<group>";
		};
		84CB14CC21AF1B1700A7BF1E /* ServiciosWeb */ = {
			isa = PBXGroup;
			children = (
				84CB14CD21AF1B7800A7BF1E /* KontenedoreServices.swift */,
			);
			path = ServiciosWeb;
			sourceTree = "<group>";
		};
		84CB14D121AF3F6500A7BF1E /* Reachability */ = {
			isa = PBXGroup;
			children = (
				84CB14DA21AF403500A7BF1E /* Reachability.swift */,
			);
			path = Reachability;
			sourceTree = "<group>";
		};
		84CB14DC21AF404400A7BF1E /* UserManager */ = {
			isa = PBXGroup;
			children = (
				84CB14DD21AF40D400A7BF1E /* UserManager.swift */,
			);
			path = UserManager;
			sourceTree = "<group>";
		};
		84EF974C21BF44C30088AC05 /* ObraScan */ = {
			isa = PBXGroup;
			children = (
				84EF974D21BF45440088AC05 /* EntradaScan.storyboard */,
			);
			path = ObraScan;
			sourceTree = "<group>";
		};
		84EF974F21BF46020088AC05 /* ObraScan */ = {
			isa = PBXGroup;
			children = (
				84EF975021BF46420088AC05 /* EntradaScanVC.swift */,
				846DE64621BF4B3C003F1529 /* TicketVC.swift */,
				8404E1DC21C5696800BF1F77 /* ControlObrasVC.swift */,
			);
			path = ObraScan;
			sourceTree = "<group>";
		};
/* End PBXGroup section */

/* Begin PBXNativeTarget section */
		8417BD8C21A3080000F33866 /* Kontenedores */ = {
			isa = PBXNativeTarget;
			buildConfigurationList = 8417BD9F21A3081400F33866 /* Build configuration list for PBXNativeTarget "Kontenedores" */;
			buildPhases = (
				2338E24389647F39139C6B05 /* [CP] Check Pods Manifest.lock */,
				8417BD8921A3080000F33866 /* Sources */,
				8417BD8A21A3080000F33866 /* Frameworks */,
				8417BD8B21A3080000F33866 /* Resources */,
				280D4F64779FD03079B50BD1 /* [CP] Embed Pods Frameworks */,
			);
			buildRules = (
			);
			dependencies = (
			);
			name = Kontenedores;
			productName = Kontenedores;
			productReference = 8417BD8D21A3080100F33866 /* Kontenedores.app */;
			productType = "com.apple.product-type.application";
		};
/* End PBXNativeTarget section */

/* Begin PBXProject section */
		8417BD8521A3080000F33866 /* Project object */ = {
			isa = PBXProject;
			attributes = {
				LastSwiftUpdateCheck = 1010;
				LastUpgradeCheck = 1010;
				ORGANIZATIONNAME = Area51;
				TargetAttributes = {
					8417BD8C21A3080000F33866 = {
						CreatedOnToolsVersion = 10.1;
						SystemCapabilities = {
							com.apple.Push = {
								enabled = 1;
							};
						};
					};
				};
			};
			buildConfigurationList = 8417BD8821A3080000F33866 /* Build configuration list for PBXProject "Kontenedores" */;
			compatibilityVersion = "Xcode 9.3";
			developmentRegion = en;
			hasScannedForEncodings = 0;
			knownRegions = (
				en,
				Base,
			);
			mainGroup = 8417BD8421A3080000F33866;
			productRefGroup = 8417BD8E21A3080100F33866 /* Products */;
			projectDirPath = "";
			projectRoot = "";
			targets = (
				8417BD8C21A3080000F33866 /* Kontenedores */,
			);
		};
/* End PBXProject section */

/* Begin PBXResourcesBuildPhase section */
		8417BD8B21A3080000F33866 /* Resources */ = {
			isa = PBXResourcesBuildPhase;
			buildActionMask = 2147483647;
			files = (
				8404E1DB21C552EF00BF1F77 /* AvenirLTStd-Heavy.otf in Resources */,
				84B82AEC21CB33A40040AAC2 /* GoogleService-Info.plist in Resources */,
				84462A6021A467EA002D55C8 /* Proveedor.storyboard in Resources */,
				8417BD9B21A3081400F33866 /* LaunchScreen.storyboard in Resources */,
				8417BD9821A3081400F33866 /* Assets.xcassets in Resources */,
				84AD180321CC652F00726460 /* Splash.storyboard in Resources */,
				84EF974E21BF45440088AC05 /* EntradaScan.storyboard in Resources */,
				8417BE0621A31A7C00F33866 /* Obras.storyboard in Resources */,
				8417BE0521A31A7C00F33866 /* Login.storyboard in Resources */,
			);
			runOnlyForDeploymentPostprocessing = 0;
		};
/* End PBXResourcesBuildPhase section */

/* Begin PBXShellScriptBuildPhase section */
		2338E24389647F39139C6B05 /* [CP] Check Pods Manifest.lock */ = {
			isa = PBXShellScriptBuildPhase;
			buildActionMask = 2147483647;
			files = (
			);
			inputPaths = (
				"${PODS_PODFILE_DIR_PATH}/Podfile.lock",
				"${PODS_ROOT}/Manifest.lock",
			);
			name = "[CP] Check Pods Manifest.lock";
			outputPaths = (
				"$(DERIVED_FILE_DIR)/Pods-Kontenedores-checkManifestLockResult.txt",
			);
			runOnlyForDeploymentPostprocessing = 0;
			shellPath = /bin/sh;
			shellScript = "diff \"${PODS_PODFILE_DIR_PATH}/Podfile.lock\" \"${PODS_ROOT}/Manifest.lock\" > /dev/null\nif [ $? != 0 ] ; then\n    # print error to STDERR\n    echo \"error: The sandbox is not in sync with the Podfile.lock. Run 'pod install' or update your CocoaPods installation.\" >&2\n    exit 1\nfi\n# This output is used by Xcode 'outputs' to avoid re-running this script phase.\necho \"SUCCESS\" > \"${SCRIPT_OUTPUT_FILE_0}\"\n";
			showEnvVarsInLog = 0;
		};
		280D4F64779FD03079B50BD1 /* [CP] Embed Pods Frameworks */ = {
			isa = PBXShellScriptBuildPhase;
			buildActionMask = 2147483647;
			files = (
			);
			inputPaths = (
				"${PODS_ROOT}/Target Support Files/Pods-Kontenedores/Pods-Kontenedores-frameworks.sh",
				"${BUILT_PRODUCTS_DIR}/AFNetworking/AFNetworking.framework",
				"${BUILT_PRODUCTS_DIR}/Alamofire/Alamofire.framework",
				"${BUILT_PRODUCTS_DIR}/Culqi/Culqi.framework",
				"${BUILT_PRODUCTS_DIR}/GoogleUtilities/GoogleUtilities.framework",
				"${BUILT_PRODUCTS_DIR}/Protobuf/Protobuf.framework",
				"${BUILT_PRODUCTS_DIR}/nanopb/nanopb.framework",
			);
			name = "[CP] Embed Pods Frameworks";
			outputPaths = (
				"${TARGET_BUILD_DIR}/${FRAMEWORKS_FOLDER_PATH}/AFNetworking.framework",
				"${TARGET_BUILD_DIR}/${FRAMEWORKS_FOLDER_PATH}/Alamofire.framework",
				"${TARGET_BUILD_DIR}/${FRAMEWORKS_FOLDER_PATH}/Culqi.framework",
				"${TARGET_BUILD_DIR}/${FRAMEWORKS_FOLDER_PATH}/GoogleUtilities.framework",
				"${TARGET_BUILD_DIR}/${FRAMEWORKS_FOLDER_PATH}/Protobuf.framework",
				"${TARGET_BUILD_DIR}/${FRAMEWORKS_FOLDER_PATH}/nanopb.framework",
			);
			runOnlyForDeploymentPostprocessing = 0;
			shellPath = /bin/sh;
			shellScript = "\"${PODS_ROOT}/Target Support Files/Pods-Kontenedores/Pods-Kontenedores-frameworks.sh\"\n";
			showEnvVarsInLog = 0;
		};
/* End PBXShellScriptBuildPhase section */

/* Begin PBXSourcesBuildPhase section */
		8417BD8921A3080000F33866 /* Sources */ = {
			isa = PBXSourcesBuildPhase;
			buildActionMask = 2147483647;
			files = (
				8417BE0121A31A6700F33866 /* RegistroVC.swift in Sources */,
				84D5BAE521C873F600236B34 /* ProductoVC.swift in Sources */,
				84AD17FF21CC5F1600726460 /* SplashKontenedoresVC.swift in Sources */,
				8435A87921A7668800E19D0A /* CategoriaProducto.swift in Sources */,
				845CCDB821BC53F40066AE27 /* Recarga.swift in Sources */,
				84D7E09521C1E3C100F7A81E /* ListaPedidosVC.swift in Sources */,
				8417BDE721A319B000F33866 /* HistorialVC.swift in Sources */,
				84F7127421C00ABC000270ED /* ObraCVCell.swift in Sources */,
				84EF975121BF46420088AC05 /* EntradaScanVC.swift in Sources */,
				8417BDF121A319F000F33866 /* DetalleObraVC.swift in Sources */,
				84D5BAE421C873F600236B34 /* CategoriasVC.swift in Sources */,
				8485EC0021BB14E7006CEC74 /* Entrada.swift in Sources */,
				846DE64721BF4B3C003F1529 /* TicketVC.swift in Sources */,
				84CB14DB21AF403500A7BF1E /* Reachability.swift in Sources */,
				8404E1DD21C5696800BF1F77 /* ControlObrasVC.swift in Sources */,
				8417BDE921A319B000F33866 /* MisEntradasVC.swift in Sources */,
				8417BDEA21A319B000F33866 /* PerfilVC.swift in Sources */,
				8417BDF021A319F000F33866 /* FuncionesTBCell.swift in Sources */,
				84CB14CE21AF1B7800A7BF1E /* KontenedoreServices.swift in Sources */,
				8401D82E21AC95930064AC01 /* CompraEntradaVC.swift in Sources */,
				84D2AAA821A88E8700228C4E /* PerfilProveedorVC.swift in Sources */,
				84D5BADB21C84C2200236B34 /* Venta.swift in Sources */,
				84D2AAA621A88E6400228C4E /* HistorialPedidosVC.swift in Sources */,
				8435A87321A765A000E19D0A /* Usuario.swift in Sources */,
				8435A87521A765CB00E19D0A /* Obra.swift in Sources */,
				84CB14DE21AF40D400A7BF1E /* UserManager.swift in Sources */,
				8417BDD121A3184500F33866 /* MenuViewController.swift in Sources */,
				8417BDF221A319F000F33866 /* ObrasVC.swift in Sources */,
				8417BDE821A319B000F33866 /* SaldoVC.swift in Sources */,
				8417BDFF21A31A6700F33866 /* LoginVC.swift in Sources */,
				84C6362A21ADF75500A6D714 /* PagarVC.swift in Sources */,
				8485EC0221BB3E61006CEC74 /* Producto.swift in Sources */,
				84D5BAE221C873F600236B34 /* ProductoTBCell.swift in Sources */,
				84D5BAE121C873F600236B34 /* QRScanVC.swift in Sources */,
				8417BD9121A3080100F33866 /* AppDelegate.swift in Sources */,
				84D5BAE321C873F600236B34 /* PedidosVC.swift in Sources */,
				8417BE0221A31A6700F33866 /* MesTBVC.swift in Sources */,
				8417BDEF21A319F000F33866 /* EntradaVC.swift in Sources */,
				8417BE0021A31A6700F33866 /* TarjetaVC.swift in Sources */,
				8417BDD221A3184500F33866 /* BaseViewController.swift in Sources */,
			);
			runOnlyForDeploymentPostprocessing = 0;
		};
/* End PBXSourcesBuildPhase section */

/* Begin PBXVariantGroup section */
		8417BD9921A3081400F33866 /* LaunchScreen.storyboard */ = {
			isa = PBXVariantGroup;
			children = (
				8417BD9A21A3081400F33866 /* Base */,
			);
			name = LaunchScreen.storyboard;
			sourceTree = "<group>";
		};
/* End PBXVariantGroup section */

/* Begin XCBuildConfiguration section */
		8417BD9D21A3081400F33866 /* Debug */ = {
			isa = XCBuildConfiguration;
			buildSettings = {
				ALWAYS_SEARCH_USER_PATHS = NO;
				CLANG_ANALYZER_NONNULL = YES;
				CLANG_ANALYZER_NUMBER_OBJECT_CONVERSION = YES_AGGRESSIVE;
				CLANG_CXX_LANGUAGE_STANDARD = "gnu++14";
				CLANG_CXX_LIBRARY = "libc++";
				CLANG_ENABLE_MODULES = YES;
				CLANG_ENABLE_OBJC_ARC = YES;
				CLANG_ENABLE_OBJC_WEAK = YES;
				CLANG_WARN_BLOCK_CAPTURE_AUTORELEASING = YES;
				CLANG_WARN_BOOL_CONVERSION = YES;
				CLANG_WARN_COMMA = YES;
				CLANG_WARN_CONSTANT_CONVERSION = YES;
				CLANG_WARN_DEPRECATED_OBJC_IMPLEMENTATIONS = YES;
				CLANG_WARN_DIRECT_OBJC_ISA_USAGE = YES_ERROR;
				CLANG_WARN_DOCUMENTATION_COMMENTS = YES;
				CLANG_WARN_EMPTY_BODY = YES;
				CLANG_WARN_ENUM_CONVERSION = YES;
				CLANG_WARN_INFINITE_RECURSION = YES;
				CLANG_WARN_INT_CONVERSION = YES;
				CLANG_WARN_NON_LITERAL_NULL_CONVERSION = YES;
				CLANG_WARN_OBJC_IMPLICIT_RETAIN_SELF = YES;
				CLANG_WARN_OBJC_LITERAL_CONVERSION = YES;
				CLANG_WARN_OBJC_ROOT_CLASS = YES_ERROR;
				CLANG_WARN_RANGE_LOOP_ANALYSIS = YES;
				CLANG_WARN_STRICT_PROTOTYPES = YES;
				CLANG_WARN_SUSPICIOUS_MOVE = YES;
				CLANG_WARN_UNGUARDED_AVAILABILITY = YES_AGGRESSIVE;
				CLANG_WARN_UNREACHABLE_CODE = YES;
				CLANG_WARN__DUPLICATE_METHOD_MATCH = YES;
				CODE_SIGN_IDENTITY = "iPhone Developer";
				COPY_PHASE_STRIP = NO;
				DEBUG_INFORMATION_FORMAT = dwarf;
				ENABLE_STRICT_OBJC_MSGSEND = YES;
				ENABLE_TESTABILITY = YES;
				GCC_C_LANGUAGE_STANDARD = gnu11;
				GCC_DYNAMIC_NO_PIC = NO;
				GCC_NO_COMMON_BLOCKS = YES;
				GCC_OPTIMIZATION_LEVEL = 0;
				GCC_PREPROCESSOR_DEFINITIONS = (
					"DEBUG=1",
					"$(inherited)",
				);
				GCC_WARN_64_TO_32_BIT_CONVERSION = YES;
				GCC_WARN_ABOUT_RETURN_TYPE = YES_ERROR;
				GCC_WARN_UNDECLARED_SELECTOR = YES;
				GCC_WARN_UNINITIALIZED_AUTOS = YES_AGGRESSIVE;
				GCC_WARN_UNUSED_FUNCTION = YES;
				GCC_WARN_UNUSED_VARIABLE = YES;
				IPHONEOS_DEPLOYMENT_TARGET = 12.1;
				MTL_ENABLE_DEBUG_INFO = INCLUDE_SOURCE;
				MTL_FAST_MATH = YES;
				ONLY_ACTIVE_ARCH = YES;
				SDKROOT = iphoneos;
				SWIFT_ACTIVE_COMPILATION_CONDITIONS = DEBUG;
				SWIFT_OPTIMIZATION_LEVEL = "-Onone";
			};
			name = Debug;
		};
		8417BD9E21A3081400F33866 /* Release */ = {
			isa = XCBuildConfiguration;
			buildSettings = {
				ALWAYS_SEARCH_USER_PATHS = NO;
				CLANG_ANALYZER_NONNULL = YES;
				CLANG_ANALYZER_NUMBER_OBJECT_CONVERSION = YES_AGGRESSIVE;
				CLANG_CXX_LANGUAGE_STANDARD = "gnu++14";
				CLANG_CXX_LIBRARY = "libc++";
				CLANG_ENABLE_MODULES = YES;
				CLANG_ENABLE_OBJC_ARC = YES;
				CLANG_ENABLE_OBJC_WEAK = YES;
				CLANG_WARN_BLOCK_CAPTURE_AUTORELEASING = YES;
				CLANG_WARN_BOOL_CONVERSION = YES;
				CLANG_WARN_COMMA = YES;
				CLANG_WARN_CONSTANT_CONVERSION = YES;
				CLANG_WARN_DEPRECATED_OBJC_IMPLEMENTATIONS = YES;
				CLANG_WARN_DIRECT_OBJC_ISA_USAGE = YES_ERROR;
				CLANG_WARN_DOCUMENTATION_COMMENTS = YES;
				CLANG_WARN_EMPTY_BODY = YES;
				CLANG_WARN_ENUM_CONVERSION = YES;
				CLANG_WARN_INFINITE_RECURSION = YES;
				CLANG_WARN_INT_CONVERSION = YES;
				CLANG_WARN_NON_LITERAL_NULL_CONVERSION = YES;
				CLANG_WARN_OBJC_IMPLICIT_RETAIN_SELF = YES;
				CLANG_WARN_OBJC_LITERAL_CONVERSION = YES;
				CLANG_WARN_OBJC_ROOT_CLASS = YES_ERROR;
				CLANG_WARN_RANGE_LOOP_ANALYSIS = YES;
				CLANG_WARN_STRICT_PROTOTYPES = YES;
				CLANG_WARN_SUSPICIOUS_MOVE = YES;
				CLANG_WARN_UNGUARDED_AVAILABILITY = YES_AGGRESSIVE;
				CLANG_WARN_UNREACHABLE_CODE = YES;
				CLANG_WARN__DUPLICATE_METHOD_MATCH = YES;
				CODE_SIGN_IDENTITY = "iPhone Developer";
				COPY_PHASE_STRIP = NO;
				DEBUG_INFORMATION_FORMAT = "dwarf-with-dsym";
				ENABLE_NS_ASSERTIONS = NO;
				ENABLE_STRICT_OBJC_MSGSEND = YES;
				GCC_C_LANGUAGE_STANDARD = gnu11;
				GCC_NO_COMMON_BLOCKS = YES;
				GCC_WARN_64_TO_32_BIT_CONVERSION = YES;
				GCC_WARN_ABOUT_RETURN_TYPE = YES_ERROR;
				GCC_WARN_UNDECLARED_SELECTOR = YES;
				GCC_WARN_UNINITIALIZED_AUTOS = YES_AGGRESSIVE;
				GCC_WARN_UNUSED_FUNCTION = YES;
				GCC_WARN_UNUSED_VARIABLE = YES;
				IPHONEOS_DEPLOYMENT_TARGET = 12.1;
				MTL_ENABLE_DEBUG_INFO = NO;
				MTL_FAST_MATH = YES;
				SDKROOT = iphoneos;
				SWIFT_COMPILATION_MODE = wholemodule;
				SWIFT_OPTIMIZATION_LEVEL = "-O";
				VALIDATE_PRODUCT = YES;
			};
			name = Release;
		};
		8417BDA021A3081400F33866 /* Debug */ = {
			isa = XCBuildConfiguration;
			baseConfigurationReference = F8FDE7424626C26E18E01523 /* Pods-Kontenedores.debug.xcconfig */;
			buildSettings = {
				ASSETCATALOG_COMPILER_APPICON_NAME = AppIcon;
				CODE_SIGN_ENTITLEMENTS = Kontenedores/Kontenedores.entitlements;
				CODE_SIGN_STYLE = Automatic;
				DEVELOPMENT_TEAM = XJY6K7P63P;
				INFOPLIST_FILE = Kontenedores/Info.plist;
				IPHONEOS_DEPLOYMENT_TARGET = 12.0;
				LD_RUNPATH_SEARCH_PATHS = (
					"$(inherited)",
					"@executable_path/Frameworks",
				);
				PRODUCT_BUNDLE_IDENTIFIER = com.Area51.Kontenedores;
				PRODUCT_NAME = "$(TARGET_NAME)";
				SWIFT_VERSION = 4.2;
				TARGETED_DEVICE_FAMILY = 1;
			};
			name = Debug;
		};
		8417BDA121A3081400F33866 /* Release */ = {
			isa = XCBuildConfiguration;
			baseConfigurationReference = 54B9588AD9C2E3DA8D18B07A /* Pods-Kontenedores.release.xcconfig */;
			buildSettings = {
				ASSETCATALOG_COMPILER_APPICON_NAME = AppIcon;
				CODE_SIGN_ENTITLEMENTS = Kontenedores/Kontenedores.entitlements;
				CODE_SIGN_STYLE = Automatic;
				DEVELOPMENT_TEAM = XJY6K7P63P;
				INFOPLIST_FILE = Kontenedores/Info.plist;
				IPHONEOS_DEPLOYMENT_TARGET = 12.0;
				LD_RUNPATH_SEARCH_PATHS = (
					"$(inherited)",
					"@executable_path/Frameworks",
				);
				PRODUCT_BUNDLE_IDENTIFIER = com.Area51.Kontenedores;
				PRODUCT_NAME = "$(TARGET_NAME)";
				SWIFT_VERSION = 4.2;
				TARGETED_DEVICE_FAMILY = 1;
			};
			name = Release;
		};
/* End XCBuildConfiguration section */

/* Begin XCConfigurationList section */
		8417BD8821A3080000F33866 /* Build configuration list for PBXProject "Kontenedores" */ = {
			isa = XCConfigurationList;
			buildConfigurations = (
				8417BD9D21A3081400F33866 /* Debug */,
				8417BD9E21A3081400F33866 /* Release */,
			);
			defaultConfigurationIsVisible = 0;
			defaultConfigurationName = Release;
		};
		8417BD9F21A3081400F33866 /* Build configuration list for PBXNativeTarget "Kontenedores" */ = {
			isa = XCConfigurationList;
			buildConfigurations = (
				8417BDA021A3081400F33866 /* Debug */,
				8417BDA121A3081400F33866 /* Release */,
			);
			defaultConfigurationIsVisible = 0;
			defaultConfigurationName = Release;
		};
/* End XCConfigurationList section */
	};
	rootObject = 8417BD8521A3080000F33866 /* Project object */;
}
